<?xml version="1.0" encoding="utf-8"?>
<Project ToolsVersion="4.0" xmlns="http://schemas.microsoft.com/developer/msbuild/2003">
  <ItemGroup>
    <Filter Include="GameAsset">
      <UniqueIdentifier>{21541079-fe7e-4db0-9e81-0cb1320a39b8}</UniqueIdentifier>
    </Filter>
    <Filter Include="Core">
      <UniqueIdentifier>{f5882389-a50a-4008-98c9-822b52e9331a}</UniqueIdentifier>
    </Filter>
    <Filter Include="Entities">
      <UniqueIdentifier>{3628519a-894d-4036-8b76-57e64bc5a348}</UniqueIdentifier>
    </Filter>
    <Filter Include="Manager">
      <UniqueIdentifier>{3b9edf64-3ca4-47a1-bb4b-c7e208d10512}</UniqueIdentifier>
    </Filter>
    <Filter Include="Utilities">
      <UniqueIdentifier>{182f6c0c-27c3-4652-b6ce-4de7fe0a044a}</UniqueIdentifier>
    </Filter>
    <Filter Include="Sound">
      <UniqueIdentifier>{60439dfa-0b84-4593-8685-63fa5857e802}</UniqueIdentifier>
    </Filter>
  </ItemGroup>
  <ItemGroup>
    <None Include="packages.config" />
  </ItemGroup>
  <ItemGroup>
    <ClCompile Include="main.cpp">
      <Filter>Core</Filter>
    </ClCompile>
    <ClCompile Include="Src\Core\BuffLevel.cpp">
      <Filter>Core</Filter>
    </ClCompile>
    <ClCompile Include="Src\Core\Game.cpp">
      <Filter>Core</Filter>
    </ClCompile>
    <ClCompile Include="Src\Core\Game_Camera2d.cpp">
      <Filter>Core</Filter>
    </ClCompile>
    <ClCompile Include="Src\Entities\Object.cpp">
      <Filter>Entities</Filter>
    </ClCompile>
    <ClCompile Include="Src\Entities\Player.cpp">
      <Filter>Entities</Filter>
    </ClCompile>
    <ClCompile Include="Src\Entities\Projectile.cpp">
      <Filter>Entities</Filter>
    </ClCompile>
    <ClCompile Include="Src\Manager\EnemyManager.cpp">
      <Filter>Manager</Filter>
    </ClCompile>
    <ClCompile Include="Src\Manager\System_Ambalabu.cpp">
      <Filter>Manager</Filter>
    </ClCompile>
    <ClCompile Include="Src\Manager\Asset_Manager.cpp">
      <Filter>Manager</Filter>
    </ClCompile>
    <ClCompile Include="Src\Manager\Buff_Manager.cpp">
      <Filter>Manager</Filter>
    </ClCompile>
  </ItemGroup>
  <ItemGroup>
    <ClInclude Include="Src\Core\BuffLevel.h">
      <Filter>Core</Filter>
    </ClInclude>
    <ClInclude Include="Src\Core\Game.h">
      <Filter>Core</Filter>
    </ClInclude>
    <ClInclude Include="Src\Core\Game_Camera2d.h">
      <Filter>Core</Filter>
    </ClInclude>
    <ClInclude Include="Src\Entities\Player.h">
      <Filter>Entities</Filter>
    </ClInclude>
    <ClInclude Include="Src\Entities\Projectile.h">
      <Filter>Entities</Filter>
    </ClInclude>
    <ClInclude Include="Src\Manager\EnemyManager.h">
      <Filter>Manager</Filter>
    </ClInclude>
    <ClInclude Include="Src\Utilities\MenuGlobal.h">
      <Filter>Utilities</Filter>
    </ClInclude>
    <ClInclude Include="Src\Utilities\nameSpaceAmba.h">
      <Filter>Utilities</Filter>
    </ClInclude>
    <ClInclude Include="Src\Utilities\RusdiTaboti_Compo.h">
      <Filter>Utilities</Filter>
    </ClInclude>
    <ClInclude Include="Src\Utilities\WorldComponent.h">
      <Filter>Utilities</Filter>
    </ClInclude>
    <ClInclude Include="Src\Manager\System_Ambalabu.h">
      <Filter>Manager</Filter>
    </ClInclude>
    <ClInclude Include="Src\Utilities\AmbaBuff.h">
      <Filter>Utilities</Filter>
    </ClInclude>
    <ClInclude Include="Src\Manager\Asset_Manager.h">
      <Filter>Manager</Filter>
    </ClInclude>
    <ClInclude Include="Src\Manager\Buff_Manager.h">
      <Filter>Manager</Filter>
    </ClInclude>
    <ClInclude Include="Src\Utilities\UiHelper.h">
      <Filter>Utilities</Filter>
    </ClInclude>
  </ItemGroup>
  <ItemGroup>
    <Image Include="GameAsset\undedknight.png">
      <Filter>GameAsset</Filter>
    </Image>
    <Image Include="GameAsset\gem.png">
      <Filter>GameAsset</Filter>
    </Image>
    <Image Include="GameAsset\bullet.png">
      <Filter>GameAsset</Filter>
    </Image>
    <Image Include="GameAsset\atkspd.png">
      <Filter>GameAsset</Filter>
    </Image>
    <Image Include="GameAsset\Atl.png">
      <Filter>GameAsset</Filter>
    </Image>
    <Image Include="GameAsset\barhp.png">
      <Filter>GameAsset</Filter>
    </Image>
    <Image Include="GameAsset\bounce.png">
      <Filter>GameAsset</Filter>
    </Image>
    <Image Include="GameAsset\buffmultishot.png">
      <Filter>GameAsset</Filter>
    </Image>
    <Image Include="GameAsset\bxp.png">
      <Filter>GameAsset</Filter>
    </Image>
    <Image Include="GameAsset\crit.png">
      <Filter>GameAsset</Filter>
    </Image>
    <Image Include="GameAsset\damageup.png">
      <Filter>GameAsset</Filter>
    </Image>
    <Image Include="GameAsset\evobats.png">
      <Filter>GameAsset</Filter>
    </Image>
    <Image Include="GameAsset\evobatsS.png">
      <Filter>GameAsset</Filter>
    </Image>
    <Image Include="GameAsset\evofirespirit.png">
      <Filter>GameAsset</Filter>
    </Image>
    <Image Include="GameAsset\evofirespiritS.png">
      <Filter>GameAsset</Filter>
    </Image>
    <Image Include="GameAsset\evolarry.png">
      <Filter>GameAsset</Filter>
    </Image>
    <Image Include="GameAsset\evolarryS.png">
      <Filter>GameAsset</Filter>
    </Image>
    <Image Include="GameAsset\fhp.png">
      <Filter>GameAsset</Filter>
    </Image>
    <Image Include="GameAsset\fxp.png">
      <Filter>GameAsset</Filter>
    </Image>
    <Image Include="GameAsset\heal.png">
      <Filter>GameAsset</Filter>
    </Image>
    <Image Include="GameAsset\speedup.png">
      <Filter>GameAsset</Filter>
    </Image>
    <Image Include="GameAsset\atlas3.png">
      <Filter>GameAsset</Filter>
    </Image>
    <Image Include="GameAsset\pause2.png">
      <Filter>GameAsset</Filter>
    </Image>
    <Image Include="GameAsset\button.png">
      <Filter>GameAsset</Filter>
    </Image>
  </ItemGroup>
  <ItemGroup>
    <Media Include="Sound\backsound.wav">
      <Filter>Sound</Filter>
    </Media>
  </ItemGroup>
</Project>